
Microsoft Visual Studio Solution File, Format Version 12.00
# Visual Studio Version 16
VisualStudioVersion = 16.0.30330.147
MinimumVisualStudioVersion = 10.0.40219.1
Project("{FAE04EC0-301F-11D3-BF4B-00C04F79EFBC}") = "VirtualKeyboard", "VirtualKeyboard.csproj", "{CD11E830-FFD1-4FC3-AC81-CD90961D886F}"
EndProject
Global
	GlobalSection(SolutionConfigurationPlatforms) = preSolution
		Debug|Any CPU = Debug|Any CPU
		Release|Any CPU = Release|Any CPU
	EndGlobalSection
	GlobalSection(ProjectConfigurationPlatforms) = postSolution
		{CD11E830-FFD1-4FC3-AC81-CD90961D886F}.Debug|Any CPU.ActiveCfg = Debug|Any CPU
		{CD11E830-FFD1-4FC3-AC81-CD90961D886F}.Debug|Any CPU.Build.0 = Debug|Any CPU
		{CD11E830-FFD1-4FC3-AC81-CD90961D886F}.Release|Any CPU.ActiveCfg = Release|Any CPU
		{CD11E830-FFD1-4FC3-AC81-CD90961D886F}.Release|Any CPU.Build.0 = Release|Any CPU
	EndGlobalSection
	GlobalSection(SolutionProperties) = preSolution
		HideSolutionNode = FALSE
	EndGlobalSection
	GlobalSection(ExtensibilityGlobals) = postSolution
		SolutionGuid = {C07C23A3-5304-4763-9D98-81464EA606DD}
	EndGlobalSection
EndGlobal
